
Microsoft Visual Studio Solution File, Format Version 12.00
# Visual Studio Version 16
VisualStudioVersion = 16.0.31702.278
MinimumVisualStudioVersion = 10.0.40219.1
Project("{FAE04EC0-301F-11D3-BF4B-00C04F79EFBC}") = "ConsoleUI", "ConsoleUI\ConsoleUI.csproj", "{F48EFD0D-B91A-449D-AA27-9007859BADCF}"
EndProject
Global
	GlobalSection(SolutionConfigurationPlatforms) = preSolution
		Debug|Any CPU = Debug|Any CPU
		Release|Any CPU = Release|Any CPU
	EndGlobalSection
	GlobalSection(ProjectConfigurationPlatforms) = postSolution
		{F48EFD0D-B91A-449D-AA27-9007859BADCF}.Debug|Any CPU.ActiveCfg = Debug|Any CPU
		{F48EFD0D-B91A-449D-AA27-9007859BADCF}.Debug|Any CPU.Build.0 = Debug|Any CPU
		{F48EFD0D-B91A-449D-AA27-9007859BADCF}.Release|Any CPU.ActiveCfg = Release|Any CPU
		{F48EFD0D-B91A-449D-AA27-9007859BADCF}.Release|Any CPU.Build.0 = Release|Any CPU
	EndGlobalSection
	GlobalSection(SolutionProperties) = preSolution
		HideSolutionNode = FALSE
	EndGlobalSection
	GlobalSection(ExtensibilityGlobals) = postSolution
		SolutionGuid = {D4B2CDFC-B773-4F28-B15C-1DDA5E73E1F2}
	EndGlobalSection
EndGlobal
